
Microsoft Visual Studio Solution File, Format Version 12.00
# Visual Studio Version 17
VisualStudioVersion = 17.14.36401.2 d17.14
MinimumVisualStudioVersion = 10.0.40219.1
Project("{FAE04EC0-301F-11D3-BF4B-00C04F79EFBC}") = "WeatherForecast", "WeatherForecast.csproj", "{EE03C0AF-9877-4EF3-ABDA-82B3870118A0}"
EndProject
Global
	GlobalSection(SolutionConfigurationPlatforms) = preSolution
		Debug|Any CPU = Debug|Any CPU
		Release|Any CPU = Release|Any CPU
	EndGlobalSection
	GlobalSection(ProjectConfigurationPlatforms) = postSolution
		{EE03C0AF-9877-4EF3-ABDA-82B3870118A0}.Debug|Any CPU.ActiveCfg = Debug|Any CPU
		{EE03C0AF-9877-4EF3-ABDA-82B3870118A0}.Debug|Any CPU.Build.0 = Debug|Any CPU
		{EE03C0AF-9877-4EF3-ABDA-82B3870118A0}.Release|Any CPU.ActiveCfg = Release|Any CPU
		{EE03C0AF-9877-4EF3-ABDA-82B3870118A0}.Release|Any CPU.Build.0 = Release|Any CPU
	EndGlobalSection
	GlobalSection(SolutionProperties) = preSolution
		HideSolutionNode = FALSE
	EndGlobalSection
	GlobalSection(ExtensibilityGlobals) = postSolution
		SolutionGuid = {B53F13C2-D15B-46F4-AEDD-B9F5E67FD420}
	EndGlobalSection
EndGlobal
